
Microsoft Visual Studio Solution File, Format Version 12.00
# Visual Studio 15
VisualStudioVersion = 15.0.26430.6
MinimumVisualStudioVersion = 10.0.40219.1
Project("{D954291E-2A0B-460D-934E-DC6B0785DB48}") = "BoilerController", "BoilerController\BoilerController\BoilerController.shproj", "{AEAFA4CA-86E2-4FE5-9BD8-21AA779CD350}"
EndProject
Project("{FAE04EC0-301F-11D3-BF4B-00C04F79EFBC}") = "BoilerController.Android", "BoilerController\BoilerController.Android\BoilerController.Android.csproj", "{C13F34BD-8055-4B5E-86C5-94BF4C6A85A7}"
EndProject
Project("{FAE04EC0-301F-11D3-BF4B-00C04F79EFBC}") = "BoilerController.iOS", "BoilerController\BoilerController.iOS\BoilerController.iOS.csproj", "{D9D07AB6-1B8F-402F-9D19-238437E5FDC3}"
EndProject
Project("{FAE04EC0-301F-11D3-BF4B-00C04F79EFBC}") = "BoilerController.UWP", "BoilerController\BoilerController.UWP\BoilerController.UWP.csproj", "{A19023AC-33FF-4284-A9E8-9AA0C2A54635}"
EndProject
Project("{888888A0-9F3D-457C-B088-3A5042F75D52}") = "TestServer", "BoilerController\BoilerController\TestServer\TestServer.pyproj", "{D378BADE-9AE0-409B-A597-DB6B34A3986E}"
EndProject
Global
	GlobalSection(SharedMSBuildProjectFiles) = preSolution
		BoilerController\BoilerController\BoilerController.projitems*{a19023ac-33ff-4284-a9e8-9aa0c2a54635}*SharedItemsImports = 4
		BoilerController\BoilerController\BoilerController.projitems*{aeafa4ca-86e2-4fe5-9bd8-21aa779cd350}*SharedItemsImports = 13
		BoilerController\BoilerController\BoilerController.projitems*{c13f34bd-8055-4b5e-86c5-94bf4c6a85a7}*SharedItemsImports = 4
		BoilerController\BoilerController\BoilerController.projitems*{d9d07ab6-1b8f-402f-9d19-238437e5fdc3}*SharedItemsImports = 4
	EndGlobalSection
	GlobalSection(SolutionConfigurationPlatforms) = preSolution
		Ad-Hoc|Any CPU = Ad-Hoc|Any CPU
		Ad-Hoc|ARM = Ad-Hoc|ARM
		Ad-Hoc|iPhone = Ad-Hoc|iPhone
		Ad-Hoc|iPhoneSimulator = Ad-Hoc|iPhoneSimulator
		Ad-Hoc|x64 = Ad-Hoc|x64
		Ad-Hoc|x86 = Ad-Hoc|x86
		AppStore|Any CPU = AppStore|Any CPU
		AppStore|ARM = AppStore|ARM
		AppStore|iPhone = AppStore|iPhone
		AppStore|iPhoneSimulator = AppStore|iPhoneSimulator
		AppStore|x64 = AppStore|x64
		AppStore|x86 = AppStore|x86
		Debug|Any CPU = Debug|Any CPU
		Debug|ARM = Debug|ARM
		Debug|iPhone = Debug|iPhone
		Debug|iPhoneSimulator = Debug|iPhoneSimulator
		Debug|x64 = Debug|x64
		Debug|x86 = Debug|x86
		Release|Any CPU = Release|Any CPU
		Release|ARM = Release|ARM
		Release|iPhone = Release|iPhone
		Release|iPhoneSimulator = Release|iPhoneSimulator
		Release|x64 = Release|x64
		Release|x86 = Release|x86
	EndGlobalSection
	GlobalSection(ProjectConfigurationPlatforms) = postSolution
		{C13F34BD-8055-4B5E-86C5-94BF4C6A85A7}.Ad-Hoc|Any CPU.ActiveCfg = Release|Any CPU
		{C13F34BD-8055-4B5E-86C5-94BF4C6A85A7}.Ad-Hoc|Any CPU.Build.0 = Release|Any CPU
		{C13F34BD-8055-4B5E-86C5-94BF4C6A85A7}.Ad-Hoc|Any CPU.Deploy.0 = Release|Any CPU
		{C13F34BD-8055-4B5E-86C5-94BF4C6A85A7}.Ad-Hoc|ARM.ActiveCfg = Release|Any CPU
		{C13F34BD-8055-4B5E-86C5-94BF4C6A85A7}.Ad-Hoc|ARM.Build.0 = Release|Any CPU
		{C13F34BD-8055-4B5E-86C5-94BF4C6A85A7}.Ad-Hoc|ARM.Deploy.0 = Release|Any CPU
		{C13F34BD-8055-4B5E-86C5-94BF4C6A85A7}.Ad-Hoc|iPhone.ActiveCfg = Release|Any CPU
		{C13F34BD-8055-4B5E-86C5-94BF4C6A85A7}.Ad-Hoc|iPhone.Build.0 = Release|Any CPU
		{C13F34BD-8055-4B5E-86C5-94BF4C6A85A7}.Ad-Hoc|iPhone.Deploy.0 = Release|Any CPU
		{C13F34BD-8055-4B5E-86C5-94BF4C6A85A7}.Ad-Hoc|iPhoneSimulator.ActiveCfg = Release|Any CPU
		{C13F34BD-8055-4B5E-86C5-94BF4C6A85A7}.Ad-Hoc|iPhoneSimulator.Build.0 = Release|Any CPU
		{C13F34BD-8055-4B5E-86C5-94BF4C6A85A7}.Ad-Hoc|iPhoneSimulator.Deploy.0 = Release|Any CPU
		{C13F34BD-8055-4B5E-86C5-94BF4C6A85A7}.Ad-Hoc|x64.ActiveCfg = Release|Any CPU
		{C13F34BD-8055-4B5E-86C5-94BF4C6A85A7}.Ad-Hoc|x64.Build.0 = Release|Any CPU
		{C13F34BD-8055-4B5E-86C5-94BF4C6A85A7}.Ad-Hoc|x64.Deploy.0 = Release|Any CPU
		{C13F34BD-8055-4B5E-86C5-94BF4C6A85A7}.Ad-Hoc|x86.ActiveCfg = Release|Any CPU
		{C13F34BD-8055-4B5E-86C5-94BF4C6A85A7}.Ad-Hoc|x86.Build.0 = Release|Any CPU
		{C13F34BD-8055-4B5E-86C5-94BF4C6A85A7}.Ad-Hoc|x86.Deploy.0 = Release|Any CPU
		{C13F34BD-8055-4B5E-86C5-94BF4C6A85A7}.AppStore|Any CPU.ActiveCfg = Release|Any CPU
		{C13F34BD-8055-4B5E-86C5-94BF4C6A85A7}.AppStore|Any CPU.Build.0 = Release|Any CPU
		{C13F34BD-8055-4B5E-86C5-94BF4C6A85A7}.AppStore|Any CPU.Deploy.0 = Release|Any CPU
		{C13F34BD-8055-4B5E-86C5-94BF4C6A85A7}.AppStore|ARM.ActiveCfg = Release|Any CPU
		{C13F34BD-8055-4B5E-86C5-94BF4C6A85A7}.AppStore|ARM.Build.0 = Release|Any CPU
		{C13F34BD-8055-4B5E-86C5-94BF4C6A85A7}.AppStore|ARM.Deploy.0 = Release|Any CPU
		{C13F34BD-8055-4B5E-86C5-94BF4C6A85A7}.AppStore|iPhone.ActiveCfg = Release|Any CPU
		{C13F34BD-8055-4B5E-86C5-94BF4C6A85A7}.AppStore|iPhone.Build.0 = Release|Any CPU
		{C13F34BD-8055-4B5E-86C5-94BF4C6A85A7}.AppStore|iPhone.Deploy.0 = Release|Any CPU
		{C13F34BD-8055-4B5E-86C5-94BF4C6A85A7}.AppStore|iPhoneSimulator.ActiveCfg = Release|Any CPU
		{C13F34BD-8055-4B5E-86C5-94BF4C6A85A7}.AppStore|iPhoneSimulator.Build.0 = Release|Any CPU
		{C13F34BD-8055-4B5E-86C5-94BF4C6A85A7}.AppStore|iPhoneSimulator.Deploy.0 = Release|Any CPU
		{C13F34BD-8055-4B5E-86C5-94BF4C6A85A7}.AppStore|x64.ActiveCfg = Release|Any CPU
		{C13F34BD-8055-4B5E-86C5-94BF4C6A85A7}.AppStore|x64.Build.0 = Release|Any CPU
		{C13F34BD-8055-4B5E-86C5-94BF4C6A85A7}.AppStore|x64.Deploy.0 = Release|Any CPU
		{C13F34BD-8055-4B5E-86C5-94BF4C6A85A7}.AppStore|x86.ActiveCfg = Release|Any CPU
		{C13F34BD-8055-4B5E-86C5-94BF4C6A85A7}.AppStore|x86.Build.0 = Release|Any CPU
		{C13F34BD-8055-4B5E-86C5-94BF4C6A85A7}.AppStore|x86.Deploy.0 = Release|Any CPU
		{C13F34BD-8055-4B5E-86C5-94BF4C6A85A7}.Debug|Any CPU.ActiveCfg = Debug|Any CPU
		{C13F34BD-8055-4B5E-86C5-94BF4C6A85A7}.Debug|Any CPU.Build.0 = Debug|Any CPU
		{C13F34BD-8055-4B5E-86C5-94BF4C6A85A7}.Debug|Any CPU.Deploy.0 = Debug|Any CPU
		{C13F34BD-8055-4B5E-86C5-94BF4C6A85A7}.Debug|ARM.ActiveCfg = Debug|Any CPU
		{C13F34BD-8055-4B5E-86C5-94BF4C6A85A7}.Debug|ARM.Build.0 = Debug|Any CPU
		{C13F34BD-8055-4B5E-86C5-94BF4C6A85A7}.Debug|ARM.Deploy.0 = Debug|Any CPU
		{C13F34BD-8055-4B5E-86C5-94BF4C6A85A7}.Debug|iPhone.ActiveCfg = Debug|Any CPU
		{C13F34BD-8055-4B5E-86C5-94BF4C6A85A7}.Debug|iPhone.Build.0 = Debug|Any CPU
		{C13F34BD-8055-4B5E-86C5-94BF4C6A85A7}.Debug|iPhone.Deploy.0 = Debug|Any CPU
		{C13F34BD-8055-4B5E-86C5-94BF4C6A85A7}.Debug|iPhoneSimulator.ActiveCfg = Debug|Any CPU
		{C13F34BD-8055-4B5E-86C5-94BF4C6A85A7}.Debug|iPhoneSimulator.Build.0 = Debug|Any CPU
		{C13F34BD-8055-4B5E-86C5-94BF4C6A85A7}.Debug|iPhoneSimulator.Deploy.0 = Debug|Any CPU
		{C13F34BD-8055-4B5E-86C5-94BF4C6A85A7}.Debug|x64.ActiveCfg = Debug|Any CPU
		{C13F34BD-8055-4B5E-86C5-94BF4C6A85A7}.Debug|x64.Build.0 = Debug|Any CPU
		{C13F34BD-8055-4B5E-86C5-94BF4C6A85A7}.Debug|x64.Deploy.0 = Debug|Any CPU
		{C13F34BD-8055-4B5E-86C5-94BF4C6A85A7}.Debug|x86.ActiveCfg = Debug|Any CPU
		{C13F34BD-8055-4B5E-86C5-94BF4C6A85A7}.Debug|x86.Build.0 = Debug|Any CPU
		{C13F34BD-8055-4B5E-86C5-94BF4C6A85A7}.Debug|x86.Deploy.0 = Debug|Any CPU
		{C13F34BD-8055-4B5E-86C5-94BF4C6A85A7}.Release|Any CPU.ActiveCfg = Release|Any CPU
		{C13F34BD-8055-4B5E-86C5-94BF4C6A85A7}.Release|Any CPU.Build.0 = Release|Any CPU
		{C13F34BD-8055-4B5E-86C5-94BF4C6A85A7}.Release|Any CPU.Deploy.0 = Release|Any CPU
		{C13F34BD-8055-4B5E-86C5-94BF4C6A85A7}.Release|ARM.ActiveCfg = Release|Any CPU
		{C13F34BD-8055-4B5E-86C5-94BF4C6A85A7}.Release|ARM.Build.0 = Release|Any CPU
		{C13F34BD-8055-4B5E-86C5-94BF4C6A85A7}.Release|ARM.Deploy.0 = Release|Any CPU
		{C13F34BD-8055-4B5E-86C5-94BF4C6A85A7}.Release|iPhone.ActiveCfg = Release|Any CPU
		{C13F34BD-8055-4B5E-86C5-94BF4C6A85A7}.Release|iPhone.Build.0 = Release|Any CPU
		{C13F34BD-8055-4B5E-86C5-94BF4C6A85A7}.Release|iPhone.Deploy.0 = Release|Any CPU
		{C13F34BD-8055-4B5E-86C5-94BF4C6A85A7}.Release|iPhoneSimulator.ActiveCfg = Release|Any CPU
		{C13F34BD-8055-4B5E-86C5-94BF4C6A85A7}.Release|iPhoneSimulator.Build.0 = Release|Any CPU
		{C13F34BD-8055-4B5E-86C5-94BF4C6A85A7}.Release|iPhoneSimulator.Deploy.0 = Release|Any CPU
		{C13F34BD-8055-4B5E-86C5-94BF4C6A85A7}.Release|x64.ActiveCfg = Release|Any CPU
		{C13F34BD-8055-4B5E-86C5-94BF4C6A85A7}.Release|x64.Build.0 = Release|Any CPU
		{C13F34BD-8055-4B5E-86C5-94BF4C6A85A7}.Release|x64.Deploy.0 = Release|Any CPU
		{C13F34BD-8055-4B5E-86C5-94BF4C6A85A7}.Release|x86.ActiveCfg = Release|Any CPU
		{C13F34BD-8055-4B5E-86C5-94BF4C6A85A7}.Release|x86.Build.0 = Release|Any CPU
		{C13F34BD-8055-4B5E-86C5-94BF4C6A85A7}.Release|x86.Deploy.0 = Release|Any CPU
		{D9D07AB6-1B8F-402F-9D19-238437E5FDC3}.Ad-Hoc|Any CPU.ActiveCfg = Ad-Hoc|iPhone
		{D9D07AB6-1B8F-402F-9D19-238437E5FDC3}.Ad-Hoc|ARM.ActiveCfg = Ad-Hoc|iPhone
		{D9D07AB6-1B8F-402F-9D19-238437E5FDC3}.Ad-Hoc|iPhone.ActiveCfg = Ad-Hoc|iPhone
		{D9D07AB6-1B8F-402F-9D19-238437E5FDC3}.Ad-Hoc|iPhone.Build.0 = Ad-Hoc|iPhone
		{D9D07AB6-1B8F-402F-9D19-238437E5FDC3}.Ad-Hoc|iPhoneSimulator.ActiveCfg = Ad-Hoc|iPhoneSimulator
		{D9D07AB6-1B8F-402F-9D19-238437E5FDC3}.Ad-Hoc|iPhoneSimulator.Build.0 = Ad-Hoc|iPhoneSimulator
		{D9D07AB6-1B8F-402F-9D19-238437E5FDC3}.Ad-Hoc|x64.ActiveCfg = Ad-Hoc|iPhone
		{D9D07AB6-1B8F-402F-9D19-238437E5FDC3}.Ad-Hoc|x86.ActiveCfg = Ad-Hoc|iPhone
		{D9D07AB6-1B8F-402F-9D19-238437E5FDC3}.AppStore|Any CPU.ActiveCfg = AppStore|iPhone
		{D9D07AB6-1B8F-402F-9D19-238437E5FDC3}.AppStore|ARM.ActiveCfg = AppStore|iPhone
		{D9D07AB6-1B8F-402F-9D19-238437E5FDC3}.AppStore|iPhone.ActiveCfg = AppStore|iPhone
		{D9D07AB6-1B8F-402F-9D19-238437E5FDC3}.AppStore|iPhone.Build.0 = AppStore|iPhone
		{D9D07AB6-1B8F-402F-9D19-238437E5FDC3}.AppStore|iPhoneSimulator.ActiveCfg = AppStore|iPhoneSimulator
		{D9D07AB6-1B8F-402F-9D19-238437E5FDC3}.AppStore|iPhoneSimulator.Build.0 = AppStore|iPhoneSimulator
		{D9D07AB6-1B8F-402F-9D19-238437E5FDC3}.AppStore|x64.ActiveCfg = AppStore|iPhone
		{D9D07AB6-1B8F-402F-9D19-238437E5FDC3}.AppStore|x86.ActiveCfg = AppStore|iPhone
		{D9D07AB6-1B8F-402F-9D19-238437E5FDC3}.Debug|Any CPU.ActiveCfg = Debug|iPhone
		{D9D07AB6-1B8F-402F-9D19-238437E5FDC3}.Debug|ARM.ActiveCfg = Debug|iPhone
		{D9D07AB6-1B8F-402F-9D19-238437E5FDC3}.Debug|iPhone.ActiveCfg = Debug|iPhone
		{D9D07AB6-1B8F-402F-9D19-238437E5FDC3}.Debug|iPhone.Build.0 = Debug|iPhone
		{D9D07AB6-1B8F-402F-9D19-238437E5FDC3}.Debug|iPhoneSimulator.ActiveCfg = Debug|iPhoneSimulator
		{D9D07AB6-1B8F-402F-9D19-238437E5FDC3}.Debug|iPhoneSimulator.Build.0 = Debug|iPhoneSimulator
		{D9D07AB6-1B8F-402F-9D19-238437E5FDC3}.Debug|x64.ActiveCfg = Debug|iPhone
		{D9D07AB6-1B8F-402F-9D19-238437E5FDC3}.Debug|x86.ActiveCfg = Debug|iPhone
		{D9D07AB6-1B8F-402F-9D19-238437E5FDC3}.Release|Any CPU.ActiveCfg = Release|iPhone
		{D9D07AB6-1B8F-402F-9D19-238437E5FDC3}.Release|ARM.ActiveCfg = Release|iPhone
		{D9D07AB6-1B8F-402F-9D19-238437E5FDC3}.Release|iPhone.ActiveCfg = Release|iPhone
		{D9D07AB6-1B8F-402F-9D19-238437E5FDC3}.Release|iPhone.Build.0 = Release|iPhone
		{D9D07AB6-1B8F-402F-9D19-238437E5FDC3}.Release|iPhoneSimulator.ActiveCfg = Release|iPhoneSimulator
		{D9D07AB6-1B8F-402F-9D19-238437E5FDC3}.Release|iPhoneSimulator.Build.0 = Release|iPhoneSimulator
		{D9D07AB6-1B8F-402F-9D19-238437E5FDC3}.Release|x64.ActiveCfg = Release|iPhone
		{D9D07AB6-1B8F-402F-9D19-238437E5FDC3}.Release|x86.ActiveCfg = Release|iPhone
		{A19023AC-33FF-4284-A9E8-9AA0C2A54635}.Ad-Hoc|Any CPU.ActiveCfg = Release|x86
		{A19023AC-33FF-4284-A9E8-9AA0C2A54635}.Ad-Hoc|Any CPU.Build.0 = Release|x86
		{A19023AC-33FF-4284-A9E8-9AA0C2A54635}.Ad-Hoc|Any CPU.Deploy.0 = Release|x86
		{A19023AC-33FF-4284-A9E8-9AA0C2A54635}.Ad-Hoc|ARM.ActiveCfg = Release|ARM
		{A19023AC-33FF-4284-A9E8-9AA0C2A54635}.Ad-Hoc|ARM.Build.0 = Release|ARM
		{A19023AC-33FF-4284-A9E8-9AA0C2A54635}.Ad-Hoc|ARM.Deploy.0 = Release|ARM
		{A19023AC-33FF-4284-A9E8-9AA0C2A54635}.Ad-Hoc|iPhone.ActiveCfg = Release|x86
		{A19023AC-33FF-4284-A9E8-9AA0C2A54635}.Ad-Hoc|iPhone.Build.0 = Release|x86
		{A19023AC-33FF-4284-A9E8-9AA0C2A54635}.Ad-Hoc|iPhone.Deploy.0 = Release|x86
		{A19023AC-33FF-4284-A9E8-9AA0C2A54635}.Ad-Hoc|iPhoneSimulator.ActiveCfg = Release|x86
		{A19023AC-33FF-4284-A9E8-9AA0C2A54635}.Ad-Hoc|iPhoneSimulator.Build.0 = Release|x86
		{A19023AC-33FF-4284-A9E8-9AA0C2A54635}.Ad-Hoc|iPhoneSimulator.Deploy.0 = Release|x86
		{A19023AC-33FF-4284-A9E8-9AA0C2A54635}.Ad-Hoc|x64.ActiveCfg = Release|x64
		{A19023AC-33FF-4284-A9E8-9AA0C2A54635}.Ad-Hoc|x64.Build.0 = Release|x64
		{A19023AC-33FF-4284-A9E8-9AA0C2A54635}.Ad-Hoc|x64.Deploy.0 = Release|x64
		{A19023AC-33FF-4284-A9E8-9AA0C2A54635}.Ad-Hoc|x86.ActiveCfg = Release|x86
		{A19023AC-33FF-4284-A9E8-9AA0C2A54635}.Ad-Hoc|x86.Build.0 = Release|x86
		{A19023AC-33FF-4284-A9E8-9AA0C2A54635}.Ad-Hoc|x86.Deploy.0 = Release|x86
		{A19023AC-33FF-4284-A9E8-9AA0C2A54635}.AppStore|Any CPU.ActiveCfg = Release|x86
		{A19023AC-33FF-4284-A9E8-9AA0C2A54635}.AppStore|Any CPU.Build.0 = Release|x86
		{A19023AC-33FF-4284-A9E8-9AA0C2A54635}.AppStore|Any CPU.Deploy.0 = Release|x86
		{A19023AC-33FF-4284-A9E8-9AA0C2A54635}.AppStore|ARM.ActiveCfg = Release|ARM
		{A19023AC-33FF-4284-A9E8-9AA0C2A54635}.AppStore|ARM.Build.0 = Release|ARM
		{A19023AC-33FF-4284-A9E8-9AA0C2A54635}.AppStore|ARM.Deploy.0 = Release|ARM
		{A19023AC-33FF-4284-A9E8-9AA0C2A54635}.AppStore|iPhone.ActiveCfg = Release|x86
		{A19023AC-33FF-4284-A9E8-9AA0C2A54635}.AppStore|iPhone.Build.0 = Release|x86
		{A19023AC-33FF-4284-A9E8-9AA0C2A54635}.AppStore|iPhone.Deploy.0 = Release|x86
		{A19023AC-33FF-4284-A9E8-9AA0C2A54635}.AppStore|iPhoneSimulator.ActiveCfg = Release|x86
		{A19023AC-33FF-4284-A9E8-9AA0C2A54635}.AppStore|iPhoneSimulator.Build.0 = Release|x86
		{A19023AC-33FF-4284-A9E8-9AA0C2A54635}.AppStore|iPhoneSimulator.Deploy.0 = Release|x86
		{A19023AC-33FF-4284-A9E8-9AA0C2A54635}.AppStore|x64.ActiveCfg = Release|x64
		{A19023AC-33FF-4284-A9E8-9AA0C2A54635}.AppStore|x64.Build.0 = Release|x64
		{A19023AC-33FF-4284-A9E8-9AA0C2A54635}.AppStore|x64.Deploy.0 = Release|x64
		{A19023AC-33FF-4284-A9E8-9AA0C2A54635}.AppStore|x86.ActiveCfg = Release|x86
		{A19023AC-33FF-4284-A9E8-9AA0C2A54635}.AppStore|x86.Build.0 = Release|x86
		{A19023AC-33FF-4284-A9E8-9AA0C2A54635}.AppStore|x86.Deploy.0 = Release|x86
		{A19023AC-33FF-4284-A9E8-9AA0C2A54635}.Debug|Any CPU.ActiveCfg = Debug|x86
		{A19023AC-33FF-4284-A9E8-9AA0C2A54635}.Debug|Any CPU.Build.0 = Debug|x86
		{A19023AC-33FF-4284-A9E8-9AA0C2A54635}.Debug|Any CPU.Deploy.0 = Debug|x86
		{A19023AC-33FF-4284-A9E8-9AA0C2A54635}.Debug|ARM.ActiveCfg = Debug|ARM
		{A19023AC-33FF-4284-A9E8-9AA0C2A54635}.Debug|ARM.Build.0 = Debug|ARM
		{A19023AC-33FF-4284-A9E8-9AA0C2A54635}.Debug|ARM.Deploy.0 = Debug|ARM
		{A19023AC-33FF-4284-A9E8-9AA0C2A54635}.Debug|iPhone.ActiveCfg = Debug|x86
		{A19023AC-33FF-4284-A9E8-9AA0C2A54635}.Debug|iPhoneSimulator.ActiveCfg = Debug|x86
		{A19023AC-33FF-4284-A9E8-9AA0C2A54635}.Debug|x64.ActiveCfg = Debug|x64
		{A19023AC-33FF-4284-A9E8-9AA0C2A54635}.Debug|x64.Build.0 = Debug|x64
		{A19023AC-33FF-4284-A9E8-9AA0C2A54635}.Debug|x64.Deploy.0 = Debug|x64
		{A19023AC-33FF-4284-A9E8-9AA0C2A54635}.Debug|x86.ActiveCfg = Debug|x86
		{A19023AC-33FF-4284-A9E8-9AA0C2A54635}.Debug|x86.Build.0 = Debug|x86
		{A19023AC-33FF-4284-A9E8-9AA0C2A54635}.Debug|x86.Deploy.0 = Debug|x86
		{A19023AC-33FF-4284-A9E8-9AA0C2A54635}.Release|Any CPU.ActiveCfg = Release|x86
		{A19023AC-33FF-4284-A9E8-9AA0C2A54635}.Release|ARM.ActiveCfg = Release|ARM
		{A19023AC-33FF-4284-A9E8-9AA0C2A54635}.Release|ARM.Build.0 = Release|ARM
		{A19023AC-33FF-4284-A9E8-9AA0C2A54635}.Release|ARM.Deploy.0 = Release|ARM
		{A19023AC-33FF-4284-A9E8-9AA0C2A54635}.Release|iPhone.ActiveCfg = Release|x86
		{A19023AC-33FF-4284-A9E8-9AA0C2A54635}.Release|iPhoneSimulator.ActiveCfg = Release|x86
		{A19023AC-33FF-4284-A9E8-9AA0C2A54635}.Release|x64.ActiveCfg = Release|x64
		{A19023AC-33FF-4284-A9E8-9AA0C2A54635}.Release|x64.Build.0 = Release|x64
		{A19023AC-33FF-4284-A9E8-9AA0C2A54635}.Release|x64.Deploy.0 = Release|x64
		{A19023AC-33FF-4284-A9E8-9AA0C2A54635}.Release|x86.ActiveCfg = Release|x86
		{A19023AC-33FF-4284-A9E8-9AA0C2A54635}.Release|x86.Build.0 = Release|x86
		{A19023AC-33FF-4284-A9E8-9AA0C2A54635}.Release|x86.Deploy.0 = Release|x86
		{D378BADE-9AE0-409B-A597-DB6B34A3986E}.Ad-Hoc|Any CPU.ActiveCfg = Release|Any CPU
		{D378BADE-9AE0-409B-A597-DB6B34A3986E}.Ad-Hoc|Any CPU.Build.0 = Release|Any CPU
		{D378BADE-9AE0-409B-A597-DB6B34A3986E}.Ad-Hoc|ARM.ActiveCfg = Release|Any CPU
		{D378BADE-9AE0-409B-A597-DB6B34A3986E}.Ad-Hoc|ARM.Build.0 = Release|Any CPU
		{D378BADE-9AE0-409B-A597-DB6B34A3986E}.Ad-Hoc|iPhone.ActiveCfg = Release|Any CPU
		{D378BADE-9AE0-409B-A597-DB6B34A3986E}.Ad-Hoc|iPhone.Build.0 = Release|Any CPU
		{D378BADE-9AE0-409B-A597-DB6B34A3986E}.Ad-Hoc|iPhoneSimulator.ActiveCfg = Release|Any CPU
		{D378BADE-9AE0-409B-A597-DB6B34A3986E}.Ad-Hoc|iPhoneSimulator.Build.0 = Release|Any CPU
		{D378BADE-9AE0-409B-A597-DB6B34A3986E}.Ad-Hoc|x64.ActiveCfg = Release|Any CPU
		{D378BADE-9AE0-409B-A597-DB6B34A3986E}.Ad-Hoc|x64.Build.0 = Release|Any CPU
		{D378BADE-9AE0-409B-A597-DB6B34A3986E}.Ad-Hoc|x86.ActiveCfg = Release|Any CPU
		{D378BADE-9AE0-409B-A597-DB6B34A3986E}.Ad-Hoc|x86.Build.0 = Release|Any CPU
		{D378BADE-9AE0-409B-A597-DB6B34A3986E}.AppStore|Any CPU.ActiveCfg = Release|Any CPU
		{D378BADE-9AE0-409B-A597-DB6B34A3986E}.AppStore|Any CPU.Build.0 = Release|Any CPU
		{D378BADE-9AE0-409B-A597-DB6B34A3986E}.AppStore|ARM.ActiveCfg = Release|Any CPU
		{D378BADE-9AE0-409B-A597-DB6B34A3986E}.AppStore|ARM.Build.0 = Release|Any CPU
		{D378BADE-9AE0-409B-A597-DB6B34A3986E}.AppStore|iPhone.ActiveCfg = Release|Any CPU
		{D378BADE-9AE0-409B-A597-DB6B34A3986E}.AppStore|iPhone.Build.0 = Release|Any CPU
		{D378BADE-9AE0-409B-A597-DB6B34A3986E}.AppStore|iPhoneSimulator.ActiveCfg = Release|Any CPU
		{D378BADE-9AE0-409B-A597-DB6B34A3986E}.AppStore|iPhoneSimulator.Build.0 = Release|Any CPU
		{D378BADE-9AE0-409B-A597-DB6B34A3986E}.AppStore|x64.ActiveCfg = Release|Any CPU
		{D378BADE-9AE0-409B-A597-DB6B34A3986E}.AppStore|x64.Build.0 = Release|Any CPU
		{D378BADE-9AE0-409B-A597-DB6B34A3986E}.AppStore|x86.ActiveCfg = Release|Any CPU
		{D378BADE-9AE0-409B-A597-DB6B34A3986E}.AppStore|x86.Build.0 = Release|Any CPU
		{D378BADE-9AE0-409B-A597-DB6B34A3986E}.Debug|Any CPU.ActiveCfg = Debug|Any CPU
		{D378BADE-9AE0-409B-A597-DB6B34A3986E}.Debug|Any CPU.Build.0 = Debug|Any CPU
		{D378BADE-9AE0-409B-A597-DB6B34A3986E}.Debug|ARM.ActiveCfg = Debug|Any CPU
		{D378BADE-9AE0-409B-A597-DB6B34A3986E}.Debug|ARM.Build.0 = Debug|Any CPU
		{D378BADE-9AE0-409B-A597-DB6B34A3986E}.Debug|iPhone.ActiveCfg = Debug|Any CPU
		{D378BADE-9AE0-409B-A597-DB6B34A3986E}.Debug|iPhone.Build.0 = Debug|Any CPU
		{D378BADE-9AE0-409B-A597-DB6B34A3986E}.Debug|iPhoneSimulator.ActiveCfg = Debug|Any CPU
		{D378BADE-9AE0-409B-A597-DB6B34A3986E}.Debug|iPhoneSimulator.Build.0 = Debug|Any CPU
		{D378BADE-9AE0-409B-A597-DB6B34A3986E}.Debug|x64.ActiveCfg = Debug|Any CPU
		{D378BADE-9AE0-409B-A597-DB6B34A3986E}.Debug|x64.Build.0 = Debug|Any CPU
		{D378BADE-9AE0-409B-A597-DB6B34A3986E}.Debug|x86.ActiveCfg = Debug|Any CPU
		{D378BADE-9AE0-409B-A597-DB6B34A3986E}.Debug|x86.Build.0 = Debug|Any CPU
		{D378BADE-9AE0-409B-A597-DB6B34A3986E}.Release|Any CPU.ActiveCfg = Release|Any CPU
		{D378BADE-9AE0-409B-A597-DB6B34A3986E}.Release|Any CPU.Build.0 = Release|Any CPU
		{D378BADE-9AE0-409B-A597-DB6B34A3986E}.Release|ARM.ActiveCfg = Release|Any CPU
		{D378BADE-9AE0-409B-A597-DB6B34A3986E}.Release|ARM.Build.0 = Release|Any CPU
		{D378BADE-9AE0-409B-A597-DB6B34A3986E}.Release|iPhone.ActiveCfg = Release|Any CPU
		{D378BADE-9AE0-409B-A597-DB6B34A3986E}.Release|iPhone.Build.0 = Release|Any CPU
		{D378BADE-9AE0-409B-A597-DB6B34A3986E}.Release|iPhoneSimulator.ActiveCfg = Release|Any CPU
		{D378BADE-9AE0-409B-A597-DB6B34A3986E}.Release|iPhoneSimulator.Build.0 = Release|Any CPU
		{D378BADE-9AE0-409B-A597-DB6B34A3986E}.Release|x64.ActiveCfg = Release|Any CPU
		{D378BADE-9AE0-409B-A597-DB6B34A3986E}.Release|x64.Build.0 = Release|Any CPU
		{D378BADE-9AE0-409B-A597-DB6B34A3986E}.Release|x86.ActiveCfg = Release|Any CPU
		{D378BADE-9AE0-409B-A597-DB6B34A3986E}.Release|x86.Build.0 = Release|Any CPU
	EndGlobalSection
	GlobalSection(SolutionProperties) = preSolution
		HideSolutionNode = FALSE
	EndGlobalSection
EndGlobal
